
Microsoft Visual Studio Solution File, Format Version 12.00
# Visual Studio Version 17
VisualStudioVersion = 17.9.34607.119
MinimumVisualStudioVersion = 10.0.40219.1
Project("{FAE04EC0-301F-11D3-BF4B-00C04F79EFBC}") = "Laboratorio 3", "Laboratorio 3\Laboratorio 3.csproj", "{38440997-5ED4-4718-B419-D4B50B7F4AA3}"
EndProject
Global
	GlobalSection(SolutionConfigurationPlatforms) = preSolution
		Debug|Any CPU = Debug|Any CPU
		Release|Any CPU = Release|Any CPU
	EndGlobalSection
	GlobalSection(ProjectConfigurationPlatforms) = postSolution
		{38440997-5ED4-4718-B419-D4B50B7F4AA3}.Debug|Any CPU.ActiveCfg = Debug|Any CPU
		{38440997-5ED4-4718-B419-D4B50B7F4AA3}.Debug|Any CPU.Build.0 = Debug|Any CPU
		{38440997-5ED4-4718-B419-D4B50B7F4AA3}.Release|Any CPU.ActiveCfg = Release|Any CPU
		{38440997-5ED4-4718-B419-D4B50B7F4AA3}.Release|Any CPU.Build.0 = Release|Any CPU
	EndGlobalSection
	GlobalSection(SolutionProperties) = preSolution
		HideSolutionNode = FALSE
	EndGlobalSection
	GlobalSection(ExtensibilityGlobals) = postSolution
		SolutionGuid = {2C4A0511-5085-4DD9-945A-8F662E26C06E}
	EndGlobalSection
EndGlobal
